
Microsoft Visual Studio Solution File, Format Version 12.00
# Visual Studio Version 17
VisualStudioVersion = 17.5.002.0
MinimumVisualStudioVersion = 10.0.40219.1
Project("{9A19103F-16F7-4668-BE54-9A1E7A4F7556}") = "day2", "day2\day2.csproj", "{4F83C852-E3F5-4FD4-960F-AEC1588879C8}"
EndProject
Project("{FAE04EC0-301F-11D3-BF4B-00C04F79EFBC}") = "day3", "day3\day3.csproj", "{9B1518C5-9C8C-4467-802C-BA9B40933DDD}"
EndProject
Project("{FAE04EC0-301F-11D3-BF4B-00C04F79EFBC}") = "day4", "day4\day4.csproj", "{FC1E9034-EF94-4035-B4A0-55857F92904A}"
EndProject
Project("{FAE04EC0-301F-11D3-BF4B-00C04F79EFBC}") = "day5", "day5\day5.csproj", "{A9FB2481-EE5D-4057-A114-8985C9DD5DDC}"
EndProject
Global
	GlobalSection(SolutionConfigurationPlatforms) = preSolution
		Debug|Any CPU = Debug|Any CPU
		Release|Any CPU = Release|Any CPU
	EndGlobalSection
	GlobalSection(ProjectConfigurationPlatforms) = postSolution
		{4F83C852-E3F5-4FD4-960F-AEC1588879C8}.Debug|Any CPU.ActiveCfg = Debug|Any CPU
		{4F83C852-E3F5-4FD4-960F-AEC1588879C8}.Debug|Any CPU.Build.0 = Debug|Any CPU
		{4F83C852-E3F5-4FD4-960F-AEC1588879C8}.Release|Any CPU.ActiveCfg = Release|Any CPU
		{4F83C852-E3F5-4FD4-960F-AEC1588879C8}.Release|Any CPU.Build.0 = Release|Any CPU
		{9B1518C5-9C8C-4467-802C-BA9B40933DDD}.Debug|Any CPU.ActiveCfg = Debug|Any CPU
		{9B1518C5-9C8C-4467-802C-BA9B40933DDD}.Debug|Any CPU.Build.0 = Debug|Any CPU
		{9B1518C5-9C8C-4467-802C-BA9B40933DDD}.Release|Any CPU.ActiveCfg = Release|Any CPU
		{9B1518C5-9C8C-4467-802C-BA9B40933DDD}.Release|Any CPU.Build.0 = Release|Any CPU
		{FC1E9034-EF94-4035-B4A0-55857F92904A}.Debug|Any CPU.ActiveCfg = Debug|Any CPU
		{FC1E9034-EF94-4035-B4A0-55857F92904A}.Debug|Any CPU.Build.0 = Debug|Any CPU
		{FC1E9034-EF94-4035-B4A0-55857F92904A}.Release|Any CPU.ActiveCfg = Release|Any CPU
		{FC1E9034-EF94-4035-B4A0-55857F92904A}.Release|Any CPU.Build.0 = Release|Any CPU
		{A9FB2481-EE5D-4057-A114-8985C9DD5DDC}.Debug|Any CPU.ActiveCfg = Debug|Any CPU
		{A9FB2481-EE5D-4057-A114-8985C9DD5DDC}.Debug|Any CPU.Build.0 = Debug|Any CPU
		{A9FB2481-EE5D-4057-A114-8985C9DD5DDC}.Release|Any CPU.ActiveCfg = Release|Any CPU
		{A9FB2481-EE5D-4057-A114-8985C9DD5DDC}.Release|Any CPU.Build.0 = Release|Any CPU
	EndGlobalSection
	GlobalSection(SolutionProperties) = preSolution
		HideSolutionNode = FALSE
	EndGlobalSection
	GlobalSection(ExtensibilityGlobals) = postSolution
		SolutionGuid = {9681AEB2-C4CA-4526-AFE5-6ACBB7083312}
	EndGlobalSection
EndGlobal
